
Microsoft Visual Studio Solution File, Format Version 12.00
# Visual Studio Version 16
VisualStudioVersion = 16.0.31702.278
MinimumVisualStudioVersion = 10.0.40219.1
Project("{FAE04EC0-301F-11D3-BF4B-00C04F79EFBC}") = "PA12_w8", "PA12_w8\PA12_w8.csproj", "{0926687F-244A-441A-8ACC-C1ACD68BD124}"
EndProject
Global
	GlobalSection(SolutionConfigurationPlatforms) = preSolution
		Debug|Any CPU = Debug|Any CPU
		Release|Any CPU = Release|Any CPU
	EndGlobalSection
	GlobalSection(ProjectConfigurationPlatforms) = postSolution
		{0926687F-244A-441A-8ACC-C1ACD68BD124}.Debug|Any CPU.ActiveCfg = Debug|Any CPU
		{0926687F-244A-441A-8ACC-C1ACD68BD124}.Debug|Any CPU.Build.0 = Debug|Any CPU
		{0926687F-244A-441A-8ACC-C1ACD68BD124}.Release|Any CPU.ActiveCfg = Release|Any CPU
		{0926687F-244A-441A-8ACC-C1ACD68BD124}.Release|Any CPU.Build.0 = Release|Any CPU
	EndGlobalSection
	GlobalSection(SolutionProperties) = preSolution
		HideSolutionNode = FALSE
	EndGlobalSection
	GlobalSection(ExtensibilityGlobals) = postSolution
		SolutionGuid = {6E0E763E-BF77-4D61-A5A6-1693DEC4A01F}
	EndGlobalSection
EndGlobal
