
Microsoft Visual Studio Solution File, Format Version 12.00
# Visual Studio Version 16
VisualStudioVersion = 16.0.31624.102
MinimumVisualStudioVersion = 10.0.40219.1
Project("{FAE04EC0-301F-11D3-BF4B-00C04F79EFBC}") = "PA_Bonus1_W4", "PA_Bonus1_W4\PA_Bonus1_W4.csproj", "{EE5419F4-0945-4B72-9F76-DDA56B121EF4}"
EndProject
Global
	GlobalSection(SolutionConfigurationPlatforms) = preSolution
		Debug|Any CPU = Debug|Any CPU
		Release|Any CPU = Release|Any CPU
	EndGlobalSection
	GlobalSection(ProjectConfigurationPlatforms) = postSolution
		{EE5419F4-0945-4B72-9F76-DDA56B121EF4}.Debug|Any CPU.ActiveCfg = Debug|Any CPU
		{EE5419F4-0945-4B72-9F76-DDA56B121EF4}.Debug|Any CPU.Build.0 = Debug|Any CPU
		{EE5419F4-0945-4B72-9F76-DDA56B121EF4}.Release|Any CPU.ActiveCfg = Release|Any CPU
		{EE5419F4-0945-4B72-9F76-DDA56B121EF4}.Release|Any CPU.Build.0 = Release|Any CPU
	EndGlobalSection
	GlobalSection(SolutionProperties) = preSolution
		HideSolutionNode = FALSE
	EndGlobalSection
	GlobalSection(ExtensibilityGlobals) = postSolution
		SolutionGuid = {6D15F183-2D84-4E0D-919E-93921428AC3B}
	EndGlobalSection
EndGlobal
