
Microsoft Visual Studio Solution File, Format Version 12.00
# Visual Studio Version 16
VisualStudioVersion = 16.0.31624.102
MinimumVisualStudioVersion = 10.0.40219.1
Project("{FAE04EC0-301F-11D3-BF4B-00C04F79EFBC}") = "Lab1", "Lab1\Lab1.csproj", "{9CBDA7B8-32EF-4568-B464-68A75BF27320}"
EndProject
Global
	GlobalSection(SolutionConfigurationPlatforms) = preSolution
		Debug|Any CPU = Debug|Any CPU
		Release|Any CPU = Release|Any CPU
	EndGlobalSection
	GlobalSection(ProjectConfigurationPlatforms) = postSolution
		{9CBDA7B8-32EF-4568-B464-68A75BF27320}.Debug|Any CPU.ActiveCfg = Debug|Any CPU
		{9CBDA7B8-32EF-4568-B464-68A75BF27320}.Debug|Any CPU.Build.0 = Debug|Any CPU
		{9CBDA7B8-32EF-4568-B464-68A75BF27320}.Release|Any CPU.ActiveCfg = Release|Any CPU
		{9CBDA7B8-32EF-4568-B464-68A75BF27320}.Release|Any CPU.Build.0 = Release|Any CPU
	EndGlobalSection
	GlobalSection(SolutionProperties) = preSolution
		HideSolutionNode = FALSE
	EndGlobalSection
	GlobalSection(ExtensibilityGlobals) = postSolution
		SolutionGuid = {FEDB2F2D-5F01-474E-9EF4-182E150E710F}
	EndGlobalSection
EndGlobal
