
Microsoft Visual Studio Solution File, Format Version 12.00
# Visual Studio Version 16
VisualStudioVersion = 16.0.31624.102
MinimumVisualStudioVersion = 10.0.40219.1
Project("{9A19103F-16F7-4668-BE54-9A1E7A4F7556}") = "Lab6", "Lab6\Lab6.csproj", "{9CE4DF64-390E-4BB6-852F-21BBB17AB85D}"
EndProject
Project("{FAE04EC0-301F-11D3-BF4B-00C04F79EFBC}") = "Lab6Test", "Lab6Test\Lab6Test.csproj", "{AA6C9571-6BA6-4C90-AEC5-111BA528A785}"
EndProject
Global
	GlobalSection(SolutionConfigurationPlatforms) = preSolution
		Debug|Any CPU = Debug|Any CPU
		Release|Any CPU = Release|Any CPU
	EndGlobalSection
	GlobalSection(ProjectConfigurationPlatforms) = postSolution
		{9CE4DF64-390E-4BB6-852F-21BBB17AB85D}.Debug|Any CPU.ActiveCfg = Debug|Any CPU
		{9CE4DF64-390E-4BB6-852F-21BBB17AB85D}.Debug|Any CPU.Build.0 = Debug|Any CPU
		{9CE4DF64-390E-4BB6-852F-21BBB17AB85D}.Release|Any CPU.ActiveCfg = Release|Any CPU
		{9CE4DF64-390E-4BB6-852F-21BBB17AB85D}.Release|Any CPU.Build.0 = Release|Any CPU
		{AA6C9571-6BA6-4C90-AEC5-111BA528A785}.Debug|Any CPU.ActiveCfg = Debug|Any CPU
		{AA6C9571-6BA6-4C90-AEC5-111BA528A785}.Debug|Any CPU.Build.0 = Debug|Any CPU
		{AA6C9571-6BA6-4C90-AEC5-111BA528A785}.Release|Any CPU.ActiveCfg = Release|Any CPU
		{AA6C9571-6BA6-4C90-AEC5-111BA528A785}.Release|Any CPU.Build.0 = Release|Any CPU
	EndGlobalSection
	GlobalSection(SolutionProperties) = preSolution
		HideSolutionNode = FALSE
	EndGlobalSection
	GlobalSection(ExtensibilityGlobals) = postSolution
		SolutionGuid = {49DD90A4-9ABC-4BB6-80F8-738BDD559AB7}
	EndGlobalSection
EndGlobal
