
Microsoft Visual Studio Solution File, Format Version 12.00
# Visual Studio Version 16
VisualStudioVersion = 16.0.31624.102
MinimumVisualStudioVersion = 10.0.40219.1
Project("{FAE04EC0-301F-11D3-BF4B-00C04F79EFBC}") = "Lab7", "Lab7\Lab7.csproj", "{C7701D5C-F7B0-433A-B4C5-DB418AC1C364}"
EndProject
Project("{FAE04EC0-301F-11D3-BF4B-00C04F79EFBC}") = "Lab7Test", "Lab7Test\Lab7Test.csproj", "{A0C5C401-A337-46E3-979E-816D019F8424}"
EndProject
Global
	GlobalSection(SolutionConfigurationPlatforms) = preSolution
		Debug|Any CPU = Debug|Any CPU
		Release|Any CPU = Release|Any CPU
	EndGlobalSection
	GlobalSection(ProjectConfigurationPlatforms) = postSolution
		{C7701D5C-F7B0-433A-B4C5-DB418AC1C364}.Debug|Any CPU.ActiveCfg = Debug|Any CPU
		{C7701D5C-F7B0-433A-B4C5-DB418AC1C364}.Debug|Any CPU.Build.0 = Debug|Any CPU
		{C7701D5C-F7B0-433A-B4C5-DB418AC1C364}.Release|Any CPU.ActiveCfg = Release|Any CPU
		{C7701D5C-F7B0-433A-B4C5-DB418AC1C364}.Release|Any CPU.Build.0 = Release|Any CPU
		{A0C5C401-A337-46E3-979E-816D019F8424}.Debug|Any CPU.ActiveCfg = Debug|Any CPU
		{A0C5C401-A337-46E3-979E-816D019F8424}.Debug|Any CPU.Build.0 = Debug|Any CPU
		{A0C5C401-A337-46E3-979E-816D019F8424}.Release|Any CPU.ActiveCfg = Release|Any CPU
		{A0C5C401-A337-46E3-979E-816D019F8424}.Release|Any CPU.Build.0 = Release|Any CPU
	EndGlobalSection
	GlobalSection(SolutionProperties) = preSolution
		HideSolutionNode = FALSE
	EndGlobalSection
	GlobalSection(ExtensibilityGlobals) = postSolution
		SolutionGuid = {D135C1FB-7031-42F9-841C-7F542AE3D880}
	EndGlobalSection
EndGlobal
